
Microsoft Visual Studio Solution File, Format Version 12.00
# Visual Studio Version 17
VisualStudioVersion = 17.5.002.0
MinimumVisualStudioVersion = 10.0.40219.1
Project("{2150E333-8FDC-42A3-9474-1A3956D46DE8}") = "src", "src", "{50CF255D-C3F4-4E42-9F2B-2A6597299CF4}"
EndProject
Project("{9A19103F-16F7-4668-BE54-9A1E7A4F7556}") = "MyWeb", "src\MyWeb\MyWeb.csproj", "{881EB416-DF52-4E81-844A-1B9F655ED746}"
EndProject
Global
	GlobalSection(SolutionConfigurationPlatforms) = preSolution
		Debug|Any CPU = Debug|Any CPU
		Release|Any CPU = Release|Any CPU
	EndGlobalSection
	GlobalSection(ProjectConfigurationPlatforms) = postSolution
		{881EB416-DF52-4E81-844A-1B9F655ED746}.Debug|Any CPU.ActiveCfg = Debug|Any CPU
		{881EB416-DF52-4E81-844A-1B9F655ED746}.Debug|Any CPU.Build.0 = Debug|Any CPU
		{881EB416-DF52-4E81-844A-1B9F655ED746}.Release|Any CPU.ActiveCfg = Release|Any CPU
		{881EB416-DF52-4E81-844A-1B9F655ED746}.Release|Any CPU.Build.0 = Release|Any CPU
	EndGlobalSection
	GlobalSection(SolutionProperties) = preSolution
		HideSolutionNode = FALSE
	EndGlobalSection
	GlobalSection(NestedProjects) = preSolution
		{881EB416-DF52-4E81-844A-1B9F655ED746} = {50CF255D-C3F4-4E42-9F2B-2A6597299CF4}
	EndGlobalSection
	GlobalSection(ExtensibilityGlobals) = postSolution
		SolutionGuid = {9FB170C7-13BA-4519-8AC6-B412F9B0A6CB}
	EndGlobalSection
EndGlobal
